{
  "name": "cash",
  "version": "1.0.0",
  "lockfileVersion": 1,
  "requires": true,
  "dependencies": {
    "@sentry/core": {
      "version": "4.0.0",
      "resolved": "https://registry.npmjs.org/@sentry/core/-/core-4.0.0.tgz",
      "integrity": "sha512-FwxjO50iHuBwlfC9+7ltNj40glW3PlvnBMwJNdRueLgJz4QnZkxzueKBwQq0DmA/9JSvXAM/WFroq4LvbDqT1g==",
      "requires": {
        "@sentry/hub": "4.0.0",
        "@sentry/minimal": "4.0.0",
        "@sentry/types": "4.0.0",
        "@sentry/utils": "4.0.0"
      }
    },
    "@sentry/hub": {
      "version": "4.0.0",
      "resolved": "https://registry.npmjs.org/@sentry/hub/-/hub-4.0.0.tgz",
      "integrity": "sha512-GyQa3uhS55R3Cj9mIk4a4uQtzoc3DjIPM5UpSqKbfF9+rTqMzRD046H0msibFv63XoPGxizGSzIin1Gg0bJj3w==",
      "requires": {
        "@sentry/types": "4.0.0",
        "@sentry/utils": "4.0.0"
      }
    },
    "@sentry/minimal": {
      "version": "4.0.0",
      "resolved": "https://registry.npmjs.org/@sentry/minimal/-/minimal-4.0.0.tgz",
      "integrity": "sha512-lAPh/Rj15V7W3ugvSShxHAyCxbjvbCHoTuKLcgYvjK6ISHAKTp1t5IpOKKhlCeeimVOaggWqsHt4VAvw1cOKKQ==",
      "requires": {
        "@sentry/hub": "4.0.0",
        "@sentry/types": "4.0.0"
      }
    },
    "@sentry/node": {
      "version": "4.0.0",
      "resolved": "https://registry.npmjs.org/@sentry/node/-/node-4.0.0.tgz",
      "integrity": "sha512-TjUwjL/0ulwhdDIf7lhorA/CpfZG5aoYcvATx3f1YO2A+RwlaMpnbtt91VaDaHryVssCupfp+xy6j/qlaPq52g==",
      "requires": {
        "@sentry/core": "4.0.0",
        "@sentry/hub": "4.0.0",
        "@sentry/types": "4.0.0",
        "@sentry/utils": "4.0.0",
        "cookie": "0.3.1",
        "lsmod": "1.0.0",
        "md5": "2.2.1",
        "stack-trace": "0.0.10"
      }
    },
    "@sentry/types": {
      "version": "4.0.0",
      "resolved": "https://registry.npmjs.org/@sentry/types/-/types-4.0.0.tgz",
      "integrity": "sha512-UaGfdu9DTcdQjyZ7nSQXAX4Nz1EzwDY6lFMfWxvb3hq7qDvr3bg0LOSFyjELbS6RcAkXwjB8BLpicABAXao3ag=="
    },
    "@sentry/utils": {
      "version": "4.0.0",
      "resolved": "https://registry.npmjs.org/@sentry/utils/-/utils-4.0.0.tgz",
      "integrity": "sha512-iVN4zxFcj9dL0EWyuELM8jZgIE+FHguRBehAklOtek6anK8NMjtzZFJdnRpx+HKUrqRx9LeVw1yE65Yk9o9LSw==",
      "requires": {
        "@sentry/types": "4.0.0"
      }
    },
    "async-limiter": {
      "version": "1.0.0",
      "resolved": "https://registry.npmjs.org/async-limiter/-/async-limiter-1.0.0.tgz",
      "integrity": "sha512-jp/uFnooOiO+L211eZOoSyzpOITMXx1rBITauYykG3BRYPu8h0UcxsPNB04RR5vo4Tyz3+ay17tR6JVf9qzYWg=="
    },
    "bluebird": {
      "version": "2.11.0",
      "resolved": "http://registry.npmjs.org/bluebird/-/bluebird-2.11.0.tgz",
      "integrity": "sha1-U0uQM8AiyVecVro7Plpcqvu2UOE="
    },
    "charenc": {
      "version": "0.0.2",
      "resolved": "https://registry.npmjs.org/charenc/-/charenc-0.0.2.tgz",
      "integrity": "sha1-wKHS86cJLgN3S/qD8UwPxXkKhmc="
    },
    "colors": {
      "version": "1.3.2",
      "resolved": "https://registry.npmjs.org/colors/-/colors-1.3.2.tgz",
      "integrity": "sha512-rhP0JSBGYvpcNQj4s5AdShMeE5ahMop96cTeDl/v9qQQm2fYClE2QXZRi8wLzc+GmXSxdIqqbOIAhyObEXDbfQ=="
    },
    "cookie": {
      "version": "0.3.1",
      "resolved": "https://registry.npmjs.org/cookie/-/cookie-0.3.1.tgz",
      "integrity": "sha1-5+Ch+e9DtMi6klxcWpboBtFoc7s="
    },
    "crypt": {
      "version": "0.0.2",
      "resolved": "https://registry.npmjs.org/crypt/-/crypt-0.0.2.tgz",
      "integrity": "sha1-iNf/fsDfuG9xPch7u0LQRNPmxBs="
    },
    "discord.js": {
      "version": "11.4.2",
      "resolved": "https://registry.npmjs.org/discord.js/-/discord.js-11.4.2.tgz",
      "integrity": "sha512-MDwpu0lMFTjqomijDl1Ed9miMQe6kB4ifKdP28QZllmLv/HVOJXhatRgjS8urp/wBlOfx+qAYSXcdI5cKGYsfg==",
      "requires": {
        "long": "4.0.0",
        "prism-media": "0.0.3",
        "snekfetch": "3.6.4",
        "tweetnacl": "1.0.0",
        "ws": "4.1.0"
      }
    },
    "dotenv": {
      "version": "6.0.0",
      "resolved": "https://registry.npmjs.org/dotenv/-/dotenv-6.0.0.tgz",
      "integrity": "sha512-FlWbnhgjtwD+uNLUGHbMykMOYQaTivdHEmYwAKFjn6GKe/CqY0fNae93ZHTd20snh9ZLr8mTzIL9m0APQ1pjQg=="
    },
    "fs": {
      "version": "0.0.1-security",
      "resolved": "https://registry.npmjs.org/fs/-/fs-0.0.1-security.tgz",
      "integrity": "sha1-invTcYa23d84E/I4WLV+yq9eQdQ="
    },
    "fs-nextra": {
      "version": "0.3.7",
      "resolved": "https://registry.npmjs.org/fs-nextra/-/fs-nextra-0.3.7.tgz",
      "integrity": "sha512-QHBRAZKiZiEaj1/p3+uDUYQZRsdaUOC2vVl+kZlfqvHDfJMu3QRI8TW4OKjc34VoS9+2Zd30DGD1w4AH8zUJxw=="
    },
    "is-buffer": {
      "version": "1.1.6",
      "resolved": "https://registry.npmjs.org/is-buffer/-/is-buffer-1.1.6.tgz",
      "integrity": "sha512-NcdALwpXkTm5Zvvbk7owOUSvVvBKDgKP5/ewfXEznmQFfs4ZRmanOeKBTjRVjka3QFoN6XJ+9F3USqfHqTaU5w=="
    },
    "long": {
      "version": "4.0.0",
      "resolved": "https://registry.npmjs.org/long/-/long-4.0.0.tgz",
      "integrity": "sha512-XsP+KhQif4bjX1kbuSiySJFNAehNxgLb6hPRGJ9QsUr8ajHkuXGdrHmFUTUUXhDwVX2R5bY4JNZEwbUiMhV+MA=="
    },
    "lsmod": {
      "version": "1.0.0",
      "resolved": "https://registry.npmjs.org/lsmod/-/lsmod-1.0.0.tgz",
      "integrity": "sha1-mgD3bco26yP6BTUK/htYXUKZ5ks="
    },
    "md5": {
      "version": "2.2.1",
      "resolved": "https://registry.npmjs.org/md5/-/md5-2.2.1.tgz",
      "integrity": "sha1-U6s41f48iJG6RlMp6iP6wFQBJvk=",
      "requires": {
        "charenc": "0.0.2",
        "crypt": "0.0.2",
        "is-buffer": "1.1.6"
      }
    },
    "nekrawsd-money-api": {
      "version": "2.0.1",
      "resolved": "https://registry.npmjs.org/nekrawsd-money-api/-/nekrawsd-money-api-2.0.1.tgz",
      "integrity": "sha512-w2ndD36W1Dj7bv8Cbt5/WQgIJg6fQbLYu0dS5JonEgZxhc944JzpRoXED5Goq0D7X0v5pCgvyxaUcMkVILnNDw=="
    },
    "prism-media": {
      "version": "0.0.3",
      "resolved": "https://registry.npmjs.org/prism-media/-/prism-media-0.0.3.tgz",
      "integrity": "sha512-c9KkNifSMU/iXT8FFTaBwBMr+rdVcN+H/uNv1o+CuFeTThNZNTOrQ+RgXA1yL/DeLk098duAeRPP3QNPNbhxYQ=="
    },
    "reputation-core": {
      "version": "1.0.6",
      "resolved": "http://registry.npmjs.org/reputation-core/-/reputation-core-1.0.6.tgz",
      "integrity": "sha1-zkAo7POCTAwjKM96hD6qoeIDKXY=",
      "requires": {
        "discord.js": "11.4.2",
        "require-reload": "0.2.2"
      }
    },
    "require-reload": {
      "version": "0.2.2",
      "resolved": "https://registry.npmjs.org/require-reload/-/require-reload-0.2.2.tgz",
      "integrity": "sha1-KadZGEbK+RtuijzamRaD+V+NfUI="
    },
    "rethinkdb": {
      "version": "2.3.3",
      "resolved": "https://registry.npmjs.org/rethinkdb/-/rethinkdb-2.3.3.tgz",
      "integrity": "sha1-PcZYbiL6HavuDSVOZL0ON5+tL3I=",
      "requires": {
        "bluebird": "2.11.0"
      }
    },
    "safe-buffer": {
      "version": "5.1.2",
      "resolved": "https://registry.npmjs.org/safe-buffer/-/safe-buffer-5.1.2.tgz",
      "integrity": "sha512-Gd2UZBJDkXlY7GbJxfsE8/nvKkUEU1G38c1siN6QP6a9PT9MmHB8GnpscSmMJSoF8LOIrt8ud/wPtojys4G6+g=="
    },
    "snekfetch": {
      "version": "3.6.4",
      "resolved": "https://registry.npmjs.org/snekfetch/-/snekfetch-3.6.4.tgz",
      "integrity": "sha512-NjxjITIj04Ffqid5lqr7XdgwM7X61c/Dns073Ly170bPQHLm6jkmelye/eglS++1nfTWktpP6Y2bFXjdPlQqdw=="
    },
    "stack-trace": {
      "version": "0.0.10",
      "resolved": "https://registry.npmjs.org/stack-trace/-/stack-trace-0.0.10.tgz",
      "integrity": "sha1-VHxws0fo0ytOEI6hoqFZ5f3eGcA="
    },
    "tweetnacl": {
      "version": "1.0.0",
      "resolved": "https://registry.npmjs.org/tweetnacl/-/tweetnacl-1.0.0.tgz",
      "integrity": "sha1-cT2LgY2kIGh0C/aDhtBHnmb8ins="
    },
    "ws": {
      "version": "4.1.0",
      "resolved": "https://registry.npmjs.org/ws/-/ws-4.1.0.tgz",
      "integrity": "sha512-ZGh/8kF9rrRNffkLFV4AzhvooEclrOH0xaugmqGsIfFgOE/pIz4fMc4Ef+5HSQqTEug2S9JZIWDR47duDSLfaA==",
      "requires": {
        "async-limiter": "1.0.0",
        "safe-buffer": "5.1.2"
      }
    }
  }
}
